
Microsoft Visual Studio Solution File, Format Version 12.00
# Visual Studio Version 17
VisualStudioVersion = 17.6.33829.357
MinimumVisualStudioVersion = 10.0.40219.1
Project("{9A19103F-16F7-4668-BE54-9A1E7A4F7556}") = "CMS.Print", "CMS\CMS.Print.csproj", "{BB71CB19-19EF-42E9-8A2A-6A11FAB998E4}"
EndProject
Project("{FAE04EC0-301F-11D3-BF4B-00C04F79EFBC}") = "CMS.Data", "CMS.Data\CMS.Data.csproj", "{48ACBAE1-208D-4298-A680-2DEE3745AF71}"
EndProject
Project("{FAE04EC0-301F-11D3-BF4B-00C04F79EFBC}") = "CMS.Domain", "CMS.Domain\CMS.Domain.csproj", "{5C7744A6-5381-4359-A09D-2641EE5CF026}"
EndProject
Project("{FAE04EC0-301F-11D3-BF4B-00C04F79EFBC}") = "CMS.Service", "CMS.Service\CMS.Service.csproj", "{F9855F7F-0FA1-405B-B8D7-66A82C3EEA6A}"
EndProject
Global
	GlobalSection(SolutionConfigurationPlatforms) = preSolution
		Debug|Any CPU = Debug|Any CPU
		Release|Any CPU = Release|Any CPU
	EndGlobalSection
	GlobalSection(ProjectConfigurationPlatforms) = postSolution
		{BB71CB19-19EF-42E9-8A2A-6A11FAB998E4}.Debug|Any CPU.ActiveCfg = Debug|Any CPU
		{BB71CB19-19EF-42E9-8A2A-6A11FAB998E4}.Debug|Any CPU.Build.0 = Debug|Any CPU
		{BB71CB19-19EF-42E9-8A2A-6A11FAB998E4}.Release|Any CPU.ActiveCfg = Release|Any CPU
		{BB71CB19-19EF-42E9-8A2A-6A11FAB998E4}.Release|Any CPU.Build.0 = Release|Any CPU
		{48ACBAE1-208D-4298-A680-2DEE3745AF71}.Debug|Any CPU.ActiveCfg = Debug|Any CPU
		{48ACBAE1-208D-4298-A680-2DEE3745AF71}.Debug|Any CPU.Build.0 = Debug|Any CPU
		{48ACBAE1-208D-4298-A680-2DEE3745AF71}.Release|Any CPU.ActiveCfg = Release|Any CPU
		{48ACBAE1-208D-4298-A680-2DEE3745AF71}.Release|Any CPU.Build.0 = Release|Any CPU
		{5C7744A6-5381-4359-A09D-2641EE5CF026}.Debug|Any CPU.ActiveCfg = Debug|Any CPU
		{5C7744A6-5381-4359-A09D-2641EE5CF026}.Debug|Any CPU.Build.0 = Debug|Any CPU
		{5C7744A6-5381-4359-A09D-2641EE5CF026}.Release|Any CPU.ActiveCfg = Release|Any CPU
		{5C7744A6-5381-4359-A09D-2641EE5CF026}.Release|Any CPU.Build.0 = Release|Any CPU
		{F9855F7F-0FA1-405B-B8D7-66A82C3EEA6A}.Debug|Any CPU.ActiveCfg = Debug|Any CPU
		{F9855F7F-0FA1-405B-B8D7-66A82C3EEA6A}.Debug|Any CPU.Build.0 = Debug|Any CPU
		{F9855F7F-0FA1-405B-B8D7-66A82C3EEA6A}.Release|Any CPU.ActiveCfg = Release|Any CPU
		{F9855F7F-0FA1-405B-B8D7-66A82C3EEA6A}.Release|Any CPU.Build.0 = Release|Any CPU
	EndGlobalSection
	GlobalSection(SolutionProperties) = preSolution
		HideSolutionNode = FALSE
	EndGlobalSection
	GlobalSection(ExtensibilityGlobals) = postSolution
		SolutionGuid = {90C0AC6F-8AEC-4FD3-985B-661BD0BEED1E}
	EndGlobalSection
EndGlobal
